{
  "name": "re-torch",
  "version": "1.0.0",
  "lockfileVersion": 3,
  "requires": true,
  "packages": {
    "": {
      "name": "re-torch",
      "version": "1.0.0",
      "license": "ISC",
      "dependencies": {
        "rescript": "^10.1.4",
        "uuid": "^9.0.1"
      },
      "devDependencies": {
        "rescript-uuid": "^9.0.0-rc"
      }
    },
    "node_modules/rescript": {
      "version": "10.1.4",
      "resolved": "https://registry.npmjs.org/rescript/-/rescript-10.1.4.tgz",
      "integrity": "sha512-FFKlS9AG/XrLepWsyw7B+A9DtQBPWEPDPDKghV831Y2KGbie+eeFBOS0xtRHp0xbt7S0N2Dm6hhX+kTZQ/3Ybg==",
      "hasInstallScript": true,
      "bin": {
        "bsc": "bsc",
        "bsrefmt": "bsrefmt",
        "bstracing": "lib/bstracing",
        "rescript": "rescript"
      }
    },
    "node_modules/rescript-uuid": {
      "version": "9.0.0-rc",
      "resolved": "https://registry.npmjs.org/rescript-uuid/-/rescript-uuid-9.0.0-rc.tgz",
      "integrity": "sha512-Ym97PTQ6sP6x7QUVB3py95qru6D9hD1Vdw+09bgcda0HbuZPCP/KPpyIDclENalYTqm/AFeuwOlq98IopYFQGg==",
      "dev": true,
      "dependencies": {
        "uuid": "^9.0.0"
      }
    },
    "node_modules/uuid": {
      "version": "9.0.1",
      "resolved": "https://registry.npmjs.org/uuid/-/uuid-9.0.1.tgz",
      "integrity": "sha512-b+1eJOlsR9K8HJpow9Ok3fiWOWSIcIzXodvv0rQjVoOVNpWMpxf1wZNpt4y9h10odCNrqnYp1OBzRktckBe3sA==",
      "funding": [
        "https://github.com/sponsors/broofa",
        "https://github.com/sponsors/ctavan"
      ],
      "bin": {
        "uuid": "dist/bin/uuid"
      }
    }
  }
}
